
Microsoft Visual Studio Solution File, Format Version 12.00
Project("{FAE04EC0-301F-11D3-BF4B-00C04F79EFBC}") = "CreditService", "CreditService\CreditService.csproj", "{959876C4-30FE-4EEE-87BA-E22D3AA22E09}"
EndProject
Project("{FAE04EC0-301F-11D3-BF4B-00C04F79EFBC}") = "CreditService.DAL", "CreditService.DAL\CreditService.DAL.csproj", "{4836CD5B-0267-48A0-B74F-521AED9C5650}"
EndProject
Project("{FAE04EC0-301F-11D3-BF4B-00C04F79EFBC}") = "CreditService.BL", "CreditService.BL\CreditService.BL.csproj", "{425C0431-9139-494D-9C6F-0F2B2B663ECF}"
EndProject
Project("{FAE04EC0-301F-11D3-BF4B-00C04F79EFBC}") = "CreditService.Common", "CreditService.Common\CreditService.Common.csproj", "{2E937471-462F-492B-BDD5-E7A38DB8725A}"
EndProject
Global
	GlobalSection(SolutionConfigurationPlatforms) = preSolution
		Debug|Any CPU = Debug|Any CPU
		Release|Any CPU = Release|Any CPU
	EndGlobalSection
	GlobalSection(ProjectConfigurationPlatforms) = postSolution
		{959876C4-30FE-4EEE-87BA-E22D3AA22E09}.Debug|Any CPU.ActiveCfg = Debug|Any CPU
		{959876C4-30FE-4EEE-87BA-E22D3AA22E09}.Debug|Any CPU.Build.0 = Debug|Any CPU
		{959876C4-30FE-4EEE-87BA-E22D3AA22E09}.Release|Any CPU.ActiveCfg = Release|Any CPU
		{959876C4-30FE-4EEE-87BA-E22D3AA22E09}.Release|Any CPU.Build.0 = Release|Any CPU
		{4836CD5B-0267-48A0-B74F-521AED9C5650}.Debug|Any CPU.ActiveCfg = Debug|Any CPU
		{4836CD5B-0267-48A0-B74F-521AED9C5650}.Debug|Any CPU.Build.0 = Debug|Any CPU
		{4836CD5B-0267-48A0-B74F-521AED9C5650}.Release|Any CPU.ActiveCfg = Release|Any CPU
		{4836CD5B-0267-48A0-B74F-521AED9C5650}.Release|Any CPU.Build.0 = Release|Any CPU
		{425C0431-9139-494D-9C6F-0F2B2B663ECF}.Debug|Any CPU.ActiveCfg = Debug|Any CPU
		{425C0431-9139-494D-9C6F-0F2B2B663ECF}.Debug|Any CPU.Build.0 = Debug|Any CPU
		{425C0431-9139-494D-9C6F-0F2B2B663ECF}.Release|Any CPU.ActiveCfg = Release|Any CPU
		{425C0431-9139-494D-9C6F-0F2B2B663ECF}.Release|Any CPU.Build.0 = Release|Any CPU
		{2E937471-462F-492B-BDD5-E7A38DB8725A}.Debug|Any CPU.ActiveCfg = Debug|Any CPU
		{2E937471-462F-492B-BDD5-E7A38DB8725A}.Debug|Any CPU.Build.0 = Debug|Any CPU
		{2E937471-462F-492B-BDD5-E7A38DB8725A}.Release|Any CPU.ActiveCfg = Release|Any CPU
		{2E937471-462F-492B-BDD5-E7A38DB8725A}.Release|Any CPU.Build.0 = Release|Any CPU
	EndGlobalSection
EndGlobal
